
Microsoft Visual Studio Solution File, Format Version 12.00
# Visual Studio 15
VisualStudioVersion = 15.0.27004.2009
MinimumVisualStudioVersion = 10.0.40219.1
Project("{FAE04EC0-301F-11D3-BF4B-00C04F79EFBC}") = "High-Entropy Passphrases", "High-Entropy Passphrases\High-Entropy Passphrases.csproj", "{6B03146C-15AF-48E1-9AF1-B3601B20C54B}"
EndProject
Global
	GlobalSection(SolutionConfigurationPlatforms) = preSolution
		Debug|Any CPU = Debug|Any CPU
		Release|Any CPU = Release|Any CPU
	EndGlobalSection
	GlobalSection(ProjectConfigurationPlatforms) = postSolution
		{6B03146C-15AF-48E1-9AF1-B3601B20C54B}.Debug|Any CPU.ActiveCfg = Debug|Any CPU
		{6B03146C-15AF-48E1-9AF1-B3601B20C54B}.Debug|Any CPU.Build.0 = Debug|Any CPU
		{6B03146C-15AF-48E1-9AF1-B3601B20C54B}.Release|Any CPU.ActiveCfg = Release|Any CPU
		{6B03146C-15AF-48E1-9AF1-B3601B20C54B}.Release|Any CPU.Build.0 = Release|Any CPU
	EndGlobalSection
	GlobalSection(SolutionProperties) = preSolution
		HideSolutionNode = FALSE
	EndGlobalSection
	GlobalSection(ExtensibilityGlobals) = postSolution
		SolutionGuid = {542A8F21-E753-4DC1-8F95-8132BEFD8020}
	EndGlobalSection
EndGlobal
